<?xml version="1.0" encoding="utf-8"?>
<Project ToolsVersion="4.0" xmlns="http://schemas.microsoft.com/developer/msbuild/2003">
  <ItemGroup>
    <Filter Include="Source Files">
      <UniqueIdentifier>{4FC737F1-C7A5-4376-A066-2A32D752A2FF}</UniqueIdentifier>
      <Extensions>cpp;c;cc;cxx;def;odl;idl;hpj;bat;asm;asmx</Extensions>
    </Filter>
    <Filter Include="Header Files">
      <UniqueIdentifier>{93995380-89BD-4b04-88EB-625FBE52EBFB}</UniqueIdentifier>
      <Extensions>h;hh;hpp;hxx;hm;inl;inc;xsd</Extensions>
    </Filter>
  </ItemGroup>
  <ItemGroup>
    <ClCompile Include="..\src\D3D9ProxyCubeTexture.cpp">
      <Filter>Source Files</Filter>
    </ClCompile>
    <ClCompile Include="..\src\D3D9ProxyDeviceEx.cpp">
      <Filter>Source Files</Filter>
    </ClCompile>
    <ClCompile Include="..\src\D3D9ProxyDirect3D.cpp">
      <Filter>Source Files</Filter>
    </ClCompile>
    <ClCompile Include="..\src\D3D9ProxyDirect3DEx.cpp">
      <Filter>Source Files</Filter>
    </ClCompile>
    <ClCompile Include="..\src\D3D9ProxyIndexBuffer.cpp">
      <Filter>Source Files</Filter>
    </ClCompile>
    <ClCompile Include="..\src\D3D9ProxyPixelShader.cpp">
      <Filter>Source Files</Filter>
    </ClCompile>
    <ClCompile Include="..\src\D3D9ProxyQuery.cpp">
      <Filter>Source Files</Filter>
    </ClCompile>
    <ClCompile Include="..\src\D3D9ProxyStateBlock.cpp">
      <Filter>Source Files</Filter>
    </ClCompile>
    <ClCompile Include="..\src\D3D9ProxySurface.cpp">
      <Filter>Source Files</Filter>
    </ClCompile>
    <ClCompile Include="..\src\D3D9ProxySwapChain.cpp">
      <Filter>Source Files</Filter>
    </ClCompile>
    <ClCompile Include="..\src\D3D9ProxyTexture.cpp">
      <Filter>Source Files</Filter>
    </ClCompile>
    <ClCompile Include="..\src\D3D9ProxyVertexBuffer.cpp">
      <Filter>Source Files</Filter>
    </ClCompile>
    <ClCompile Include="..\src\D3D9ProxyVertexDeclaration.cpp">
      <Filter>Source Files</Filter>
    </ClCompile>
    <ClCompile Include="..\src\D3D9ProxyVertexShader.cpp">
      <Filter>Source Files</Filter>
    </ClCompile>
    <ClCompile Include="..\src\D3D9ProxyVolume.cpp">
      <Filter>Source Files</Filter>
    </ClCompile>
    <ClCompile Include="..\src\D3D9ProxyVolumeTexture.cpp">
      <Filter>Source Files</Filter>
    </ClCompile>
    <ClCompile Include="..\src\D3DProxyDevice.cpp">
      <Filter>Source Files</Filter>
    </ClCompile>
    <ClCompile Include="..\src\D3DProxyDeviceAdv.cpp">
      <Filter>Source Files</Filter>
    </ClCompile>
    <ClCompile Include="..\src\D3DProxyDeviceDebug.cpp">
      <Filter>Source Files</Filter>
    </ClCompile>
    <ClCompile Include="..\src\D3DProxyDeviceEgo.cpp">
      <Filter>Source Files</Filter>
    </ClCompile>
    <ClCompile Include="..\src\D3DProxyDeviceFactory.cpp">
      <Filter>Source Files</Filter>
    </ClCompile>
    <ClCompile Include="..\src\DataGatherer.cpp">
      <Filter>Source Files</Filter>
    </ClCompile>
    <ClCompile Include="..\src\DirectInput.cpp">
      <Filter>Source Files</Filter>
    </ClCompile>
    <ClCompile Include="..\src\FreeSpaceTracker.cpp">
      <Filter>Source Files</Filter>
    </ClCompile>
    <ClCompile Include="..\src\FreeTrackTracker.cpp">
      <Filter>Source Files</Filter>
    </ClCompile>
    <ClCompile Include="..\src\GameHandler.cpp">
      <Filter>Source Files</Filter>
    </ClCompile>
    <ClCompile Include="..\src\InputControls.cpp">
      <Filter>Source Files</Filter>
    </ClCompile>
    <ClCompile Include="..\src\Main.cpp">
      <Filter>Source Files</Filter>
    </ClCompile>
    <ClCompile Include="..\src\MatrixNoShowModification.cpp">
      <Filter>Source Files</Filter>
    </ClCompile>
    <ClCompile Include="..\src\MotionTracker.cpp">
      <Filter>Source Files</Filter>
    </ClCompile>
    <ClCompile Include="..\src\MotionTrackerFactory.cpp">
      <Filter>Source Files</Filter>
    </ClCompile>
    <ClCompile Include="..\src\MurmurHash3.cpp">
      <Filter>Source Files</Filter>
    </ClCompile>
    <ClCompile Include="..\src\OculusTracker.cpp">
      <Filter>Source Files</Filter>
    </ClCompile>
    <ClCompile Include="..\src\ShaderModificationRepository.cpp">
      <Filter>Source Files</Filter>
    </ClCompile>
    <ClCompile Include="..\src\ShaderRegisters.cpp">
      <Filter>Source Files</Filter>
    </ClCompile>
    <ClCompile Include="..\src\SharedMemoryTracker.cpp">
      <Filter>Source Files</Filter>
    </ClCompile>
    <ClCompile Include="..\src\SocketTracker.cpp">
      <Filter>Source Files</Filter>
    </ClCompile>
    <ClCompile Include="..\src\StereoBackbuffer.cpp">
      <Filter>Source Files</Filter>
    </ClCompile>
    <ClCompile Include="..\src\StereoView.cpp">
      <Filter>Source Files</Filter>
    </ClCompile>
    <ClCompile Include="..\src\ViewAdjustment.cpp">
      <Filter>Source Files</Filter>
    </ClCompile>
    <ClCompile Include="..\src\Vireio.cpp">
      <Filter>Source Files</Filter>
    </ClCompile>
    <ClCompile Include="..\src\Streaming\Streamer.cpp">
      <Filter>Source Files</Filter>
    </ClCompile>
    <ClCompile Include="..\src\Streaming\Streamer-enc-ffmpeg.cpp">
      <Filter>Source Files</Filter>
    </ClCompile>
    <ClCompile Include="..\src\Streaming\Streamer-net-udp.cpp">
      <Filter>Source Files</Filter>
    </ClCompile>
    <ClCompile Include="..\..\common\cConfig.cpp">
      <Filter>Source Files</Filter>
    </ClCompile>
    <ClCompile Include="..\..\common\cGame.cpp">
      <Filter>Source Files</Filter>
    </ClCompile>
    <ClCompile Include="..\..\common\cGameProfile.cpp">
      <Filter>Source Files</Filter>
    </ClCompile>
    <ClCompile Include="..\..\common\cPropsFile.cpp">
      <Filter>Source Files</Filter>
    </ClCompile>
    <ClCompile Include="..\..\common\cSettings.cpp">
      <Filter>Source Files</Filter>
    </ClCompile>
    <ClCompile Include="..\..\common\cStereoMode.cpp">
      <Filter>Source Files</Filter>
    </ClCompile>
    <ClCompile Include="..\..\common\cUser.cpp">
      <Filter>Source Files</Filter>
    </ClCompile>
    <ClCompile Include="..\..\common\hijack.cpp">
      <Filter>Source Files</Filter>
    </ClCompile>
    <ClCompile Include="..\src\pugixml.cpp">
      <Filter>Source Files</Filter>
    </ClCompile>
  </ItemGroup>
  <ItemGroup>
    <ClInclude Include="..\src\D3D9ProxyCubeTexture.h">
      <Filter>Header Files</Filter>
    </ClInclude>
    <ClInclude Include="..\src\D3D9ProxyDirect3D.h">
      <Filter>Header Files</Filter>
    </ClInclude>
    <ClInclude Include="..\src\D3D9ProxyIndexBuffer.h">
      <Filter>Header Files</Filter>
    </ClInclude>
    <ClInclude Include="..\src\D3D9ProxyPixelShader.h">
      <Filter>Header Files</Filter>
    </ClInclude>
    <ClInclude Include="..\src\D3D9ProxyQuery.h">
      <Filter>Header Files</Filter>
    </ClInclude>
    <ClInclude Include="..\src\D3D9ProxyStateBlock.h">
      <Filter>Header Files</Filter>
    </ClInclude>
    <ClInclude Include="..\src\D3D9ProxySurface.h">
      <Filter>Header Files</Filter>
    </ClInclude>
    <ClInclude Include="..\src\D3D9ProxySwapChain.h">
      <Filter>Header Files</Filter>
    </ClInclude>
    <ClInclude Include="..\src\D3D9ProxyTexture.h">
      <Filter>Header Files</Filter>
    </ClInclude>
    <ClInclude Include="..\src\D3D9ProxyVertexBuffer.h">
      <Filter>Header Files</Filter>
    </ClInclude>
    <ClInclude Include="..\src\D3D9ProxyVertexDeclaration.h">
      <Filter>Header Files</Filter>
    </ClInclude>
    <ClInclude Include="..\src\D3D9ProxyVertexShader.h">
      <Filter>Header Files</Filter>
    </ClInclude>
    <ClInclude Include="..\src\D3D9ProxyVolume.h">
      <Filter>Header Files</Filter>
    </ClInclude>
    <ClInclude Include="..\src\D3D9ProxyVolumeTexture.h">
      <Filter>Header Files</Filter>
    </ClInclude>
    <ClInclude Include="..\src\D3DProxyDevice.h">
      <Filter>Header Files</Filter>
    </ClInclude>
    <ClInclude Include="..\src\D3DProxyDeviceAdv.h">
      <Filter>Header Files</Filter>
    </ClInclude>
    <ClInclude Include="..\src\D3DProxyDeviceDebug.h">
      <Filter>Header Files</Filter>
    </ClInclude>
    <ClInclude Include="..\src\D3DProxyDeviceEgo.h">
      <Filter>Header Files</Filter>
    </ClInclude>
    <ClInclude Include="..\src\D3DProxyDeviceFactory.h">
      <Filter>Header Files</Filter>
    </ClInclude>
    <ClInclude Include="..\src\DataGatherer.h">
      <Filter>Header Files</Filter>
    </ClInclude>
    <ClInclude Include="..\src\Direct3D9Ex.h">
      <Filter>Header Files</Filter>
    </ClInclude>
    <ClInclude Include="..\src\Direct3DDevice9Ex.h">
      <Filter>Header Files</Filter>
    </ClInclude>
    <ClInclude Include="..\src\DirectInput.h">
      <Filter>Header Files</Filter>
    </ClInclude>
    <ClInclude Include="..\src\FreeSpaceTracker.h">
      <Filter>Header Files</Filter>
    </ClInclude>
    <ClInclude Include="..\src\FreeTrackTracker.h">
      <Filter>Header Files</Filter>
    </ClInclude>
    <ClInclude Include="..\src\GameHandler.h">
      <Filter>Header Files</Filter>
    </ClInclude>
    <ClInclude Include="..\src\InputControls.h">
      <Filter>Header Files</Filter>
    </ClInclude>
    <ClInclude Include="..\src\IStereoCapableWrapper.h">
      <Filter>Header Files</Filter>
    </ClInclude>
    <ClInclude Include="..\src\MatrixConvOffsetAdjustment.h">
      <Filter>Header Files</Filter>
    </ClInclude>
    <ClInclude Include="..\src\MatrixDoNothing.h">
      <Filter>Header Files</Filter>
    </ClInclude>
    <ClInclude Include="..\src\MatrixGatheredOrhoSquash.h">
      <Filter>Header Files</Filter>
    </ClInclude>
    <ClInclude Include="..\src\MatrixGuiSquash.h">
      <Filter>Header Files</Filter>
    </ClInclude>
    <ClInclude Include="..\src\MatrixHudSlide.h">
      <Filter>Header Files</Filter>
    </ClInclude>
    <ClInclude Include="..\src\MatrixHudSquash.h">
      <Filter>Header Files</Filter>
    </ClInclude>
    <ClInclude Include="..\src\MatrixIgnoreOrtho.h">
      <Filter>Header Files</Filter>
    </ClInclude>
    <ClInclude Include="..\src\MatrixNoRoll.h">
      <Filter>Header Files</Filter>
    </ClInclude>
    <ClInclude Include="..\src\MatrixNoShowModification.h">
      <Filter>Header Files</Filter>
    </ClInclude>
    <ClInclude Include="..\src\MatrixOrthoSquash.h">
      <Filter>Header Files</Filter>
    </ClInclude>
    <ClInclude Include="..\src\MatrixOrthoSquashHud.h">
      <Filter>Header Files</Filter>
    </ClInclude>
    <ClInclude Include="..\src\MatrixOrthoSquashShifted.h">
      <Filter>Header Files</Filter>
    </ClInclude>
    <ClInclude Include="..\src\MatrixRollOnly.h">
      <Filter>Header Files</Filter>
    </ClInclude>
    <ClInclude Include="..\src\MatrixRollOnlyHalf.h">
      <Filter>Header Files</Filter>
    </ClInclude>
    <ClInclude Include="..\src\MatrixRollOnlyNegative.h">
      <Filter>Header Files</Filter>
    </ClInclude>
    <ClInclude Include="..\src\MatrixSurfaceRefractionTransform.h">
      <Filter>Header Files</Filter>
    </ClInclude>
    <ClInclude Include="..\src\MotionTracker.h">
      <Filter>Header Files</Filter>
    </ClInclude>
    <ClInclude Include="..\src\MotionTrackerFactory.h">
      <Filter>Header Files</Filter>
    </ClInclude>
    <ClInclude Include="..\src\MurmurHash3.h">
      <Filter>Header Files</Filter>
    </ClInclude>
    <ClInclude Include="..\src\OculusTracker.h">
      <Filter>Header Files</Filter>
    </ClInclude>
    <ClInclude Include="..\src\ShaderConstantModification.h">
      <Filter>Header Files</Filter>
    </ClInclude>
    <ClInclude Include="..\src\ShaderConstantModificationFactory.h">
      <Filter>Header Files</Filter>
    </ClInclude>
    <ClInclude Include="..\src\ShaderMatrixModification.h">
      <Filter>Header Files</Filter>
    </ClInclude>
    <ClInclude Include="..\src\ShaderModificationRepository.h">
      <Filter>Header Files</Filter>
    </ClInclude>
    <ClInclude Include="..\src\ShaderRegisters.h">
      <Filter>Header Files</Filter>
    </ClInclude>
    <ClInclude Include="..\src\SharedMemoryTracker.h">
      <Filter>Header Files</Filter>
    </ClInclude>
    <ClInclude Include="..\src\SocketTracker.h">
      <Filter>Header Files</Filter>
    </ClInclude>
    <ClInclude Include="..\src\StereoBackbuffer.h">
      <Filter>Header Files</Filter>
    </ClInclude>
    <ClInclude Include="..\src\StereoShaderConstant.h">
      <Filter>Header Files</Filter>
    </ClInclude>
    <ClInclude Include="..\src\StereoView.h">
      <Filter>Header Files</Filter>
    </ClInclude>
    <ClInclude Include="..\src\Vector4EyeShiftUnity.h">
      <Filter>Header Files</Filter>
    </ClInclude>
    <ClInclude Include="..\src\Vector4SimpleTranslate.h">
      <Filter>Header Files</Filter>
    </ClInclude>
    <ClInclude Include="..\src\Version.h">
      <Filter>Header Files</Filter>
    </ClInclude>
    <ClInclude Include="..\src\ViewAdjustment.h">
      <Filter>Header Files</Filter>
    </ClInclude>
    <ClInclude Include="..\src\Vireio.h">
      <Filter>Header Files</Filter>
    </ClInclude>
    <ClInclude Include="..\src\Streaming\inttypes.h">
      <Filter>Header Files</Filter>
    </ClInclude>
    <ClInclude Include="..\src\Streaming\Streamer.h">
      <Filter>Header Files</Filter>
    </ClInclude>
    <ClInclude Include="..\..\common\cConfig.h">
      <Filter>Header Files</Filter>
    </ClInclude>
    <ClInclude Include="..\..\common\cGame.h">
      <Filter>Header Files</Filter>
    </ClInclude>
    <ClInclude Include="..\..\common\cGameProfile.h">
      <Filter>Header Files</Filter>
    </ClInclude>
    <ClInclude Include="..\..\common\cPropsFile.h">
      <Filter>Header Files</Filter>
    </ClInclude>
    <ClInclude Include="..\..\common\cSettings.h">
      <Filter>Header Files</Filter>
    </ClInclude>
    <ClInclude Include="..\..\common\cStereoMode.h">
      <Filter>Header Files</Filter>
    </ClInclude>
    <ClInclude Include="..\..\common\cUser.h">
      <Filter>Header Files</Filter>
    </ClInclude>
    <ClInclude Include="..\..\common\hijack.h">
      <Filter>Header Files</Filter>
    </ClInclude>
    <ClInclude Include="..\..\common\VireIO.h">
      <Filter>Header Files</Filter>
    </ClInclude>
    <ClInclude Include="..\src\pugiconfig.hpp">
      <Filter>Header Files</Filter>
    </ClInclude>
    <ClInclude Include="..\src\pugixml.hpp">
      <Filter>Header Files</Filter>
    </ClInclude>
  </ItemGroup>
</Project>