<?xml version="1.0" encoding="utf-8"?>
<Project ToolsVersion="4.0" xmlns="http://schemas.microsoft.com/developer/msbuild/2003">
  <ItemGroup>
    <ClInclude Include="..\Resources.h" />
    <ClInclude Include="..\VireioStereoSplitter.h" />
    <ClInclude Include="..\VireioStereoSplitter_Proxy.h" />
    <ClInclude Include="..\D3D9Ex_D3DX9_Methods.h" />
    <ClInclude Include="..\..\..\..\..\Perception\dependecies\imgui\imconfig.h">
      <Filter>ImGui</Filter>
    </ClInclude>
    <ClInclude Include="..\..\..\..\..\Perception\dependecies\imgui\imgui.h">
      <Filter>ImGui</Filter>
    </ClInclude>
    <ClInclude Include="..\..\..\..\..\Perception\dependecies\imgui\imgui_helpers.h">
      <Filter>ImGui</Filter>
    </ClInclude>
    <ClInclude Include="..\..\..\..\..\Perception\dependecies\imgui\imgui_internal.h">
      <Filter>ImGui</Filter>
    </ClInclude>
  </ItemGroup>
  <ItemGroup>
    <ClCompile Include="..\VireioStereoSplitter.cpp" />
    <ClCompile Include="..\..\..\..\..\Perception\dependecies\imgui\imgui.cpp">
      <Filter>ImGui</Filter>
    </ClCompile>
    <ClCompile Include="..\..\..\..\..\Perception\dependecies\imgui\imgui_draw.cpp">
      <Filter>ImGui</Filter>
    </ClCompile>
    <ClCompile Include="..\..\..\..\..\Perception\dependecies\imgui\imgui_widgets.cpp">
      <Filter>ImGui</Filter>
    </ClCompile>
  </ItemGroup>
  <ItemGroup>
    <ResourceCompile Include="..\VireioStereoSplitter_Resources.rc" />
  </ItemGroup>
  <ItemGroup>
    <Filter Include="ImGui">
      <UniqueIdentifier>{ab1b4ee8-84e8-4bef-9ca7-2c0eba78c05d}</UniqueIdentifier>
    </Filter>
  </ItemGroup>
  <ItemGroup>
    <Natvis Include="..\..\..\..\..\Perception\dependecies\imgui\imgui.natvis">
      <Filter>ImGui</Filter>
    </Natvis>
  </ItemGroup>
</Project>