<?xml version="1.0" encoding="utf-8"?>
<Project ToolsVersion="4.0" xmlns="http://schemas.microsoft.com/developer/msbuild/2003">
  <ItemGroup>
    <ClInclude Include="..\Resources.h" />
    <ClInclude Include="..\VireioStereoPresenter.h" />
    <ClInclude Include="..\..\..\..\Include\VireioMenu.h" />
    <ClInclude Include="..\..\..\..\..\Aquilinus\dependecies\imgui\imconfig.h">
      <Filter>ImGui</Filter>
    </ClInclude>
    <ClInclude Include="..\..\..\..\..\Aquilinus\dependecies\imgui\imgui.h">
      <Filter>ImGui</Filter>
    </ClInclude>
    <ClInclude Include="..\..\..\..\..\Aquilinus\dependecies\imgui\imgui_helpers.h">
      <Filter>ImGui</Filter>
    </ClInclude>
    <ClInclude Include="..\..\..\..\..\Aquilinus\dependecies\imgui\imgui_internal.h">
      <Filter>ImGui</Filter>
    </ClInclude>
  </ItemGroup>
  <ItemGroup>
    <ClCompile Include="..\VireioStereoPresenter.cpp" />
    <ClCompile Include="..\..\..\..\..\Aquilinus\dependecies\imgui\imgui.cpp">
      <Filter>ImGui</Filter>
    </ClCompile>
    <ClCompile Include="..\..\..\..\..\Aquilinus\dependecies\imgui\imgui_draw.cpp">
      <Filter>ImGui</Filter>
    </ClCompile>
    <ClCompile Include="..\..\..\..\..\Aquilinus\dependecies\imgui\imgui_widgets.cpp">
      <Filter>ImGui</Filter>
    </ClCompile>
  </ItemGroup>
  <ItemGroup>
    <ResourceCompile Include="..\VireioStereoPresenter_Resources.rc" />
  </ItemGroup>
  <ItemGroup>
    <Filter Include="ImGui">
      <UniqueIdentifier>{a4141358-fc38-4754-94f2-4ab395780de8}</UniqueIdentifier>
    </Filter>
  </ItemGroup>
  <ItemGroup>
    <Natvis Include="..\..\..\..\..\Aquilinus\dependecies\imgui\imgui.natvis">
      <Filter>ImGui</Filter>
    </Natvis>
  </ItemGroup>
</Project>