<?xml version="1.0" encoding="utf-8"?>
<Project ToolsVersion="4.0" xmlns="http://schemas.microsoft.com/developer/msbuild/2003">
  <ItemGroup>
    <Filter Include="Source Files">
      <UniqueIdentifier>{4FC737F1-C7A5-4376-A066-2A32D752A2FF}</UniqueIdentifier>
      <Extensions>cpp;c;cc;cxx;def;odl;idl;hpj;bat;asm;asmx</Extensions>
    </Filter>
    <Filter Include="Header Files">
      <UniqueIdentifier>{93995380-89BD-4b04-88EB-625FBE52EBFB}</UniqueIdentifier>
      <Extensions>h;hpp;hxx;hm;inl;inc;xsd</Extensions>
    </Filter>
    <Filter Include="Resource Files">
      <UniqueIdentifier>{67DA6AB6-F800-4c08-8B7A-83BB121AAD01}</UniqueIdentifier>
      <Extensions>rc;ico;cur;bmp;dlg;rc2;rct;bin;rgs;gif;jpg;jpeg;jpe;resx;tiff;tif;png;wav;mfcribbon-ms</Extensions>
    </Filter>
  </ItemGroup>
  <ItemGroup>
    <ClCompile Include="apihijack.cpp">
      <Filter>Source Files</Filter>
    </ClCompile>
    <ClCompile Include="dllmain.cpp">
      <Filter>Source Files</Filter>
    </ClCompile>
    <ClCompile Include="..\..\DxProxy\DxProxy\ProxyHelper.cpp">
      <Filter>Source Files</Filter>
    </ClCompile>
    <ClCompile Include="..\..\DxProxy\DxProxy\D3DProxyDevice.cpp">
      <Filter>Source Files</Filter>
    </ClCompile>
    <ClCompile Include="..\..\DxProxy\DxProxy\Direct3DDevice9.cpp">
      <Filter>Source Files</Filter>
    </ClCompile>
    <ClCompile Include="..\..\DxProxy\DxProxy\StereoViewFactory.cpp">
      <Filter>Source Files</Filter>
    </ClCompile>
    <ClCompile Include="..\..\DxProxy\DxProxy\FreeSpaceTracker.cpp">
      <Filter>Source Files</Filter>
    </ClCompile>
    <ClCompile Include="..\..\DxProxy\DxProxy\MotionTracker.cpp">
      <Filter>Source Files</Filter>
    </ClCompile>
    <ClCompile Include="..\..\DxProxy\DxProxy\StereoView.cpp">
      <Filter>Source Files</Filter>
    </ClCompile>
    <ClCompile Include="..\..\DxProxy\DxProxy\StereoViewInterleave.cpp">
      <Filter>Source Files</Filter>
    </ClCompile>
    <ClCompile Include="..\..\DxProxy\DxProxy\D3DProxyDeviceAdv.cpp">
      <Filter>Source Files</Filter>
    </ClCompile>
    <ClCompile Include="..\..\DxProxy\DxProxy\D3DProxyDeviceEgo.cpp">
      <Filter>Source Files</Filter>
    </ClCompile>
    <ClCompile Include="..\..\DxProxy\DxProxy\D3DProxyDeviceFactory.cpp">
      <Filter>Source Files</Filter>
    </ClCompile>
    <ClCompile Include="..\..\DxProxy\DxProxy\pugixml.cpp">
      <Filter>Source Files</Filter>
    </ClCompile>
    <ClCompile Include="..\..\DxProxy\DxProxy\MotionTrackerFactory.cpp">
      <Filter>Source Files</Filter>
    </ClCompile>
    <ClCompile Include="..\..\DxProxy\DxProxy\Direct3D9.cpp">
      <Filter>Source Files</Filter>
    </ClCompile>
    <ClCompile Include="..\..\DxProxy\DxProxy\FreeTrackTracker.cpp">
      <Filter>Source Files</Filter>
    </ClCompile>
    <ClCompile Include="..\..\DxProxy\DxProxy\SharedMemoryTracker.cpp">
      <Filter>Source Files</Filter>
    </ClCompile>
    <ClCompile Include="..\..\DxProxy\DxProxy\OculusTracker.cpp">
      <Filter>Source Files</Filter>
    </ClCompile>
    <ClCompile Include="..\..\DxProxy\DxProxy\OculusRiftView.cpp">
      <Filter>Source Files</Filter>
    </ClCompile>
    <ClCompile Include="..\..\DxProxy\DxProxy\Direct3DSurface9.cpp">
      <Filter>Source Files</Filter>
    </ClCompile>
    <ClCompile Include="..\..\DxProxy\DxProxy\Direct3DTexture9.cpp">
      <Filter>Source Files</Filter>
    </ClCompile>
    <ClCompile Include="..\..\DxProxy\DxProxy\D3D9ProxySurface.cpp">
      <Filter>Source Files</Filter>
    </ClCompile>
    <ClCompile Include="..\..\DxProxy\DxProxy\D3D9ProxyTexture.cpp">
      <Filter>Source Files</Filter>
    </ClCompile>
    <ClCompile Include="..\..\DxProxy\DxProxy\D3D9ProxyVolumeTexture.cpp">
      <Filter>Source Files</Filter>
    </ClCompile>
    <ClCompile Include="..\..\DxProxy\DxProxy\D3D9ProxyVolume.cpp">
      <Filter>Source Files</Filter>
    </ClCompile>
    <ClCompile Include="..\..\DxProxy\DxProxy\Direct3DVolume9.cpp">
      <Filter>Source Files</Filter>
    </ClCompile>
    <ClCompile Include="..\..\DxProxy\DxProxy\D3D9ProxyCubeTexture.cpp">
      <Filter>Source Files</Filter>
    </ClCompile>
    <ClCompile Include="..\..\DxProxy\DxProxy\Direct3DCubeTexture9.cpp">
      <Filter>Source Files</Filter>
    </ClCompile>
    <ClCompile Include="..\..\DxProxy\DxProxy\Direct3DVolumeTexture9.cpp">
      <Filter>Source Files</Filter>
    </ClCompile>
    <ClCompile Include="..\..\DxProxy\DxProxy\Direct3DVertexDeclaration9.cpp">
      <Filter>Source Files</Filter>
    </ClCompile>
    <ClCompile Include="..\..\DxProxy\DxProxy\Direct3DPixelShader9.cpp">
      <Filter>Source Files</Filter>
    </ClCompile>
    <ClCompile Include="..\..\DxProxy\DxProxy\Direct3DVertexShader9.cpp">
      <Filter>Source Files</Filter>
    </ClCompile>
    <ClCompile Include="..\..\DxProxy\DxProxy\Direct3DStateBlock9.cpp">
      <Filter>Source Files</Filter>
    </ClCompile>
    <ClCompile Include="..\..\DxProxy\DxProxy\Direct3DIndexBuffer9.cpp">
      <Filter>Source Files</Filter>
    </ClCompile>
    <ClCompile Include="..\..\DxProxy\DxProxy\Direct3DVertexBuffer9.cpp">
      <Filter>Source Files</Filter>
    </ClCompile>
    <ClCompile Include="..\..\DxProxy\DxProxy\Direct3DQuery9.cpp">
      <Filter>Source Files</Filter>
    </ClCompile>
    <ClCompile Include="..\..\DxProxy\DxProxy\D3D9ProxySwapChain.cpp">
      <Filter>Source Files</Filter>
    </ClCompile>
    <ClCompile Include="..\..\DxProxy\DxProxy\Direct3DSwapChain9.cpp">
      <Filter>Source Files</Filter>
    </ClCompile>
    <ClCompile Include="..\..\DxProxy\DxProxy\D3D9ProxyStateBlock.cpp">
      <Filter>Source Files</Filter>
    </ClCompile>
    <ClCompile Include="..\..\DxProxy\DxProxy\StereoBackbuffer.cpp">
      <Filter>Source Files</Filter>
    </ClCompile>
    <ClCompile Include="..\..\DxProxy\DxProxy\DataGatherer.cpp">
      <Filter>Source Files</Filter>
    </ClCompile>
    <ClCompile Include="..\..\DxProxy\DxProxy\Vireio.cpp">
      <Filter>Source Files</Filter>
    </ClCompile>
    <ClCompile Include="..\..\DxProxy\DxProxy\D3D9ProxyVertexShader.cpp">
      <Filter>Source Files</Filter>
    </ClCompile>
    <ClCompile Include="..\..\DxProxy\DxProxy\MurmurHash3.cpp">
      <Filter>Source Files</Filter>
    </ClCompile>
    <ClCompile Include="..\..\DxProxy\DxProxy\ShaderModificationRepository.cpp">
      <Filter>Source Files</Filter>
    </ClCompile>
    <ClCompile Include="..\..\DxProxy\DxProxy\ShaderRegisters.cpp">
      <Filter>Source Files</Filter>
    </ClCompile>
    <ClCompile Include="..\..\DxProxy\DxProxy\GameHandler.cpp">
      <Filter>Source Files</Filter>
    </ClCompile>
    <ClCompile Include="..\..\DxProxy\DxProxy\ViewAdjustment.cpp">
      <Filter>Source Files</Filter>
    </ClCompile>
  </ItemGroup>
  <ItemGroup>
    <None Include="hijackdll.def">
      <Filter>Resource Files</Filter>
    </None>
  </ItemGroup>
  <ItemGroup>
    <ClInclude Include="apihijack.h">
      <Filter>Header Files</Filter>
    </ClInclude>
    <ClInclude Include="hijackdll.h">
      <Filter>Header Files</Filter>
    </ClInclude>
    <ClInclude Include="..\..\DxProxy\DxProxy\ProxyHelper.h">
      <Filter>Header Files</Filter>
    </ClInclude>
    <ClInclude Include="..\..\DxProxy\DxProxy\D3DProxyDevice.h">
      <Filter>Header Files</Filter>
    </ClInclude>
    <ClInclude Include="..\..\DxProxy\DxProxy\Direct3DDevice9.h">
      <Filter>Header Files</Filter>
    </ClInclude>
    <ClInclude Include="..\..\DxProxy\DxProxy\StereoViewFactory.h">
      <Filter>Header Files</Filter>
    </ClInclude>
    <ClInclude Include="..\..\DxProxy\DxProxy\FreeSpaceTracker.h">
      <Filter>Header Files</Filter>
    </ClInclude>
    <ClInclude Include="..\..\DxProxy\DxProxy\MotionTracker.h">
      <Filter>Header Files</Filter>
    </ClInclude>
    <ClInclude Include="..\..\DxProxy\DxProxy\StereoView.h">
      <Filter>Header Files</Filter>
    </ClInclude>
    <ClInclude Include="..\..\DxProxy\DxProxy\StereoViewInterleave.h">
      <Filter>Header Files</Filter>
    </ClInclude>
    <ClInclude Include="..\..\DxProxy\DxProxy\D3DProxyDeviceAdv.h">
      <Filter>Header Files</Filter>
    </ClInclude>
    <ClInclude Include="..\..\DxProxy\DxProxy\D3DProxyDeviceEgo.h">
      <Filter>Header Files</Filter>
    </ClInclude>
    <ClInclude Include="..\..\DxProxy\DxProxy\D3DProxyDeviceFactory.h">
      <Filter>Header Files</Filter>
    </ClInclude>
    <ClInclude Include="..\..\DxProxy\DxProxy\pugixml.hpp">
      <Filter>Source Files</Filter>
    </ClInclude>
    <ClInclude Include="..\..\DxProxy\DxProxy\pugiconfig.hpp">
      <Filter>Header Files</Filter>
    </ClInclude>
    <ClInclude Include="..\..\DxProxy\DxProxy\MotionTrackerFactory.h">
      <Filter>Header Files</Filter>
    </ClInclude>
    <ClInclude Include="..\..\DxProxy\DxProxy\Direct3D9.h">
      <Filter>Header Files</Filter>
    </ClInclude>
    <ClInclude Include="..\..\DxProxy\DxProxy\SharedMemoryTracker.h">
      <Filter>Header Files</Filter>
    </ClInclude>
    <ClInclude Include="..\..\DxProxy\DxProxy\OculusTracker.h">
      <Filter>Header Files</Filter>
    </ClInclude>
    <ClInclude Include="..\..\DxProxy\DxProxy\OculusRiftView.h">
      <Filter>Header Files</Filter>
    </ClInclude>
    <ClInclude Include="..\..\DxProxy\DxProxy\Direct3DSurface9.h">
      <Filter>Header Files</Filter>
    </ClInclude>
    <ClInclude Include="..\..\DxProxy\DxProxy\Direct3DTexture9.h">
      <Filter>Header Files</Filter>
    </ClInclude>
    <ClInclude Include="..\..\DxProxy\DxProxy\D3D9ProxySurface.h">
      <Filter>Header Files</Filter>
    </ClInclude>
    <ClInclude Include="..\..\DxProxy\DxProxy\D3D9ProxyTexture.h">
      <Filter>Header Files</Filter>
    </ClInclude>
    <ClInclude Include="..\..\DxProxy\DxProxy\D3D9ProxyVolumeTexture.h">
      <Filter>Header Files</Filter>
    </ClInclude>
    <ClInclude Include="..\..\DxProxy\DxProxy\D3D9ProxyVolume.h">
      <Filter>Header Files</Filter>
    </ClInclude>
    <ClInclude Include="..\..\DxProxy\DxProxy\Direct3DVolume9.h">
      <Filter>Header Files</Filter>
    </ClInclude>
    <ClInclude Include="..\..\DxProxy\DxProxy\D3D9ProxyCubeTexture.h">
      <Filter>Header Files</Filter>
    </ClInclude>
    <ClInclude Include="..\..\DxProxy\DxProxy\Direct3DVolumeTexture9.h">
      <Filter>Header Files</Filter>
    </ClInclude>
    <ClInclude Include="..\..\DxProxy\DxProxy\Direct3DCubeTexture9.h">
      <Filter>Header Files</Filter>
    </ClInclude>
    <ClInclude Include="..\..\DxProxy\DxProxy\Direct3DVertexDeclaration9.h">
      <Filter>Header Files</Filter>
    </ClInclude>
    <ClInclude Include="..\..\DxProxy\DxProxy\Direct3DVertexShader9.h">
      <Filter>Header Files</Filter>
    </ClInclude>
    <ClInclude Include="..\..\DxProxy\DxProxy\Direct3DPixelShader9.h">
      <Filter>Header Files</Filter>
    </ClInclude>
    <ClInclude Include="..\..\DxProxy\DxProxy\Direct3DStateBlock9.h">
      <Filter>Header Files</Filter>
    </ClInclude>
    <ClInclude Include="..\..\DxProxy\DxProxy\Direct3DIndexBuffer9.h">
      <Filter>Header Files</Filter>
    </ClInclude>
    <ClInclude Include="..\..\DxProxy\DxProxy\Direct3DVertexBuffer9.h">
      <Filter>Header Files</Filter>
    </ClInclude>
    <ClInclude Include="..\..\DxProxy\DxProxy\Direct3DQuery9.h">
      <Filter>Header Files</Filter>
    </ClInclude>
    <ClInclude Include="..\..\DxProxy\DxProxy\D3D9ProxySwapChain.h">
      <Filter>Header Files</Filter>
    </ClInclude>
    <ClInclude Include="..\..\DxProxy\DxProxy\D3D9ProxyStateBlock.h">
      <Filter>Header Files</Filter>
    </ClInclude>
    <ClInclude Include="..\..\DxProxy\DxProxy\StereoShaderConstant.h">
      <Filter>Header Files</Filter>
    </ClInclude>
    <ClInclude Include="..\..\DxProxy\DxProxy\StereoBackbuffer.h">
      <Filter>Header Files</Filter>
    </ClInclude>
    <ClInclude Include="..\..\DxProxy\DxProxy\DataGatherer.h">
      <Filter>Header Files</Filter>
    </ClInclude>
    <ClInclude Include="..\..\DxProxy\DxProxy\Vireio.h">
      <Filter>Header Files</Filter>
    </ClInclude>
    <ClInclude Include="..\..\DxProxy\DxProxy\D3D9ProxyVertexShader.h">
      <Filter>Header Files</Filter>
    </ClInclude>
    <ClInclude Include="..\..\DxProxy\DxProxy\ShaderConstantModification.h">
      <Filter>Header Files</Filter>
    </ClInclude>
    <ClInclude Include="..\..\DxProxy\DxProxy\ShaderConstantModificationFactory.h">
      <Filter>Header Files</Filter>
    </ClInclude>
    <ClInclude Include="..\..\DxProxy\DxProxy\ShaderModificationRepository.h">
      <Filter>Header Files</Filter>
    </ClInclude>
    <ClInclude Include="..\..\DxProxy\DxProxy\ShaderRegisters.h">
      <Filter>Header Files</Filter>
    </ClInclude>
    <ClInclude Include="..\..\DxProxy\DxProxy\Vec4SimpleTranslate.h">
      <Filter>Header Files</Filter>
    </ClInclude>
    <ClInclude Include="..\..\DxProxy\DxProxy\GameHandler.h">
      <Filter>Header Files</Filter>
    </ClInclude>
    <ClInclude Include="..\..\DxProxy\DxProxy\MurmurHash3.h">
      <Filter>Header Files</Filter>
    </ClInclude>
    <ClInclude Include="..\..\DxProxy\DxProxy\MatrixSimpleTranslate.h">
      <Filter>Header Files</Filter>
    </ClInclude>
    <ClInclude Include="..\..\DxProxy\DxProxy\MatrixSimpleTranslateColMajor.h">
      <Filter>Header Files</Filter>
    </ClInclude>
    <ClInclude Include="..\..\DxProxy\DxProxy\Vector4SimpleTranslate.h">
      <Filter>Header Files</Filter>
    </ClInclude>
    <ClInclude Include="..\..\DxProxy\DxProxy\MatrixSimpleTranslateColMajorIgnoreOrtho.h">
      <Filter>Header Files</Filter>
    </ClInclude>
    <ClInclude Include="..\..\DxProxy\DxProxy\ViewAdjustment.h">
      <Filter>Header Files</Filter>
    </ClInclude>
  </ItemGroup>
</Project>