<?xml version="1.0" encoding="utf-8"?>
<Project ToolsVersion="4.0" xmlns="http://schemas.microsoft.com/developer/msbuild/2003">
  <ItemGroup>
    <ClInclude Include="..\..\VireioMatrixModifier\AQU_Nodus.h" />
    <ClInclude Include="..\..\VireioMatrixModifier\Resources.h" />
    <ClInclude Include="..\..\VireioMatrixModifier\VireioMatrixModifier.h" />
    <ClInclude Include="..\..\VireioMatrixModifier\VireioMatrixModifierDataStructures.h" />
    <ClInclude Include="..\..\..\..\Include\Vireio_GUIDs.h" />
    <ClInclude Include="..\..\..\..\Include\Vireio_GUI.h" />
    <ClInclude Include="..\..\..\..\..\DxProxy\DxProxy\ViewAdjustment.h" />
    <ClInclude Include="..\..\..\..\Include\Vireio_GameConfig.h" />
    <ClInclude Include="..\..\..\..\..\Shared\ConfigDefaults.h" />
  </ItemGroup>
  <ItemGroup>
    <None Include="..\..\VireioMatrixModifier\AQU_Nodus.def" />
  </ItemGroup>
  <ItemGroup>
    <ClCompile Include="..\..\VireioMatrixModifier\VireioMatrixModifier.cpp" />
    <ClCompile Include="..\..\..\..\Include\Vireio_GUI.cpp" />
    <ClCompile Include="..\..\..\..\..\DxProxy\DxProxy\ViewAdjustment.cpp" />
  </ItemGroup>
  <ItemGroup>
    <ResourceCompile Include="..\..\VireioMatrixModifier\VireioMatrixModifier_Resources.rc" />
  </ItemGroup>
</Project>