<?xml version="1.0" encoding="utf-8"?>
<Project ToolsVersion="4.0" xmlns="http://schemas.microsoft.com/developer/msbuild/2003">
  <ItemGroup>
    <ClInclude Include="..\AQU_Nodus.h" />
    <ClInclude Include="..\OculusTracker.h" />
    <ClInclude Include="..\Resources.h" />
  </ItemGroup>
  <ItemGroup>
    <ClCompile Include="..\OculusTracker.cpp" />
  </ItemGroup>
  <ItemGroup>
    <None Include="..\AQU_Nodus.def" />
  </ItemGroup>
  <ItemGroup>
    <ResourceCompile Include="..\OculusTracker_Resources.rc" />
  </ItemGroup>
</Project>