<?xml version="1.0" encoding="utf-8"?>
<Project ToolsVersion="4.0" xmlns="http://schemas.microsoft.com/developer/msbuild/2003">
  <ItemGroup>
    <ClInclude Include="..\Resources.h">
      <Filter>Resource</Filter>
    </ClInclude>
    <ClInclude Include="..\Shader_D3D9.h">
      <Filter>Shader</Filter>
    </ClInclude>
    <ClInclude Include="..\VireioCinema.h" />
    <ClInclude Include="..\..\..\..\..\Aquilinus\dependecies\imgui\imconfig.h">
      <Filter>ImGui</Filter>
    </ClInclude>
    <ClInclude Include="..\..\..\..\..\Aquilinus\dependecies\imgui\imgui.h">
      <Filter>ImGui</Filter>
    </ClInclude>
    <ClInclude Include="..\..\..\..\..\Aquilinus\dependecies\imgui\imgui_helpers.h">
      <Filter>ImGui</Filter>
    </ClInclude>
    <ClInclude Include="..\..\..\..\..\Aquilinus\dependecies\imgui\imgui_internal.h">
      <Filter>ImGui</Filter>
    </ClInclude>
  </ItemGroup>
  <ItemGroup>
    <Filter Include="Resource">
      <UniqueIdentifier>{987420b4-675f-4605-a8a7-17f63fad43f9}</UniqueIdentifier>
    </Filter>
    <Filter Include="Shader">
      <UniqueIdentifier>{8ab627a2-ab1b-48c1-9763-82cc9950fe5d}</UniqueIdentifier>
    </Filter>
    <Filter Include="ImGui">
      <UniqueIdentifier>{568a49c3-4990-4013-8d04-185f198587ba}</UniqueIdentifier>
    </Filter>
  </ItemGroup>
  <ItemGroup>
    <ClCompile Include="..\VireioCinema.cpp" />
    <ClCompile Include="..\..\..\..\..\Aquilinus\dependecies\imgui\imgui.cpp">
      <Filter>ImGui</Filter>
    </ClCompile>
    <ClCompile Include="..\..\..\..\..\Aquilinus\dependecies\imgui\imgui_draw.cpp">
      <Filter>ImGui</Filter>
    </ClCompile>
    <ClCompile Include="..\..\..\..\..\Aquilinus\dependecies\imgui\imgui_widgets.cpp">
      <Filter>ImGui</Filter>
    </ClCompile>
  </ItemGroup>
  <ItemGroup>
    <ResourceCompile Include="..\VireioCinema_Resources.rc">
      <Filter>Resource</Filter>
    </ResourceCompile>
  </ItemGroup>
  <ItemGroup>
    <Natvis Include="..\..\..\..\..\Aquilinus\dependecies\imgui\imgui.natvis">
      <Filter>ImGui</Filter>
    </Natvis>
  </ItemGroup>
</Project>